
Microsoft Visual Studio Solution File, Format Version 12.00
# Visual Studio Version 16
VisualStudioVersion = 16.0.31911.196
MinimumVisualStudioVersion = 10.0.40219.1
Project("{FAE04EC0-301F-11D3-BF4B-00C04F79EFBC}") = "ConversionTempProgram", "ConversionTempProgram\ConversionTempProgram.csproj", "{26331C1E-9EF1-402C-B5F2-58B422D08415}"
EndProject
Global
	GlobalSection(SolutionConfigurationPlatforms) = preSolution
		Debug|Any CPU = Debug|Any CPU
		Release|Any CPU = Release|Any CPU
	EndGlobalSection
	GlobalSection(ProjectConfigurationPlatforms) = postSolution
		{26331C1E-9EF1-402C-B5F2-58B422D08415}.Debug|Any CPU.ActiveCfg = Debug|Any CPU
		{26331C1E-9EF1-402C-B5F2-58B422D08415}.Debug|Any CPU.Build.0 = Debug|Any CPU
		{26331C1E-9EF1-402C-B5F2-58B422D08415}.Release|Any CPU.ActiveCfg = Release|Any CPU
		{26331C1E-9EF1-402C-B5F2-58B422D08415}.Release|Any CPU.Build.0 = Release|Any CPU
	EndGlobalSection
	GlobalSection(SolutionProperties) = preSolution
		HideSolutionNode = FALSE
	EndGlobalSection
	GlobalSection(ExtensibilityGlobals) = postSolution
		SolutionGuid = {569E7C0D-F8D8-4F10-85FE-1E489BC7DC9C}
	EndGlobalSection
EndGlobal
